
Microsoft Visual Studio Solution File, Format Version 12.00
# Visual Studio 15
Project("{FAE04EC0-301F-11D3-BF4B-00C04F79EFBC}") = "Unity VR V1.0", "Unity VR V1.0.csproj", "{07F5AD40-609A-56B9-B82D-E1A014D4843A}"
EndProject
Project("{FAE04EC0-301F-11D3-BF4B-00C04F79EFBC}") = "Unity VR V1.0.Editor", "Unity VR V1.0.Editor.csproj", "{0D154134-9740-B6AE-42F4-0731F1859911}"
EndProject
Global
	GlobalSection(SolutionConfigurationPlatforms) = preSolution
		Debug|Any CPU = Debug|Any CPU
		Release|Any CPU = Release|Any CPU
	EndGlobalSection
	GlobalSection(ProjectConfigurationPlatforms) = postSolution
		{07F5AD40-609A-56B9-B82D-E1A014D4843A}.Debug|Any CPU.ActiveCfg = Debug|Any CPU
		{07F5AD40-609A-56B9-B82D-E1A014D4843A}.Debug|Any CPU.Build.0 = Debug|Any CPU
		{07F5AD40-609A-56B9-B82D-E1A014D4843A}.Release|Any CPU.ActiveCfg = Release|Any CPU
		{07F5AD40-609A-56B9-B82D-E1A014D4843A}.Release|Any CPU.Build.0 = Release|Any CPU
		{0D154134-9740-B6AE-42F4-0731F1859911}.Debug|Any CPU.ActiveCfg = Debug|Any CPU
		{0D154134-9740-B6AE-42F4-0731F1859911}.Debug|Any CPU.Build.0 = Debug|Any CPU
		{0D154134-9740-B6AE-42F4-0731F1859911}.Release|Any CPU.ActiveCfg = Release|Any CPU
		{0D154134-9740-B6AE-42F4-0731F1859911}.Release|Any CPU.Build.0 = Release|Any CPU
	EndGlobalSection
	GlobalSection(SolutionProperties) = preSolution
		HideSolutionNode = FALSE
	EndGlobalSection
EndGlobal
