
Microsoft Visual Studio Solution File, Format Version 12.00
# Visual Studio 2017
Project("{FAE04EC0-301F-11D3-BF4B-00C04F79EFBC}") = "VRExperience1", "VRExperience1.csproj", "{83625734-B816-49F5-F8F6-A428C364B591}"
EndProject
Project("{FAE04EC0-301F-11D3-BF4B-00C04F79EFBC}") = "VRExperience1.Plugins", "VRExperience1.Plugins.csproj", "{5771D13D-2786-4127-C575-24AC99F11338}"
EndProject
Project("{FAE04EC0-301F-11D3-BF4B-00C04F79EFBC}") = "VRExperience1.Editor.Plugins", "VRExperience1.Editor.Plugins.csproj", "{AA941376-C4CC-FF0C-FD3B-A91C6AA6EE26}"
EndProject
Project("{FAE04EC0-301F-11D3-BF4B-00C04F79EFBC}") = "Unity.PackageManagerUI.Editor", "Unity.PackageManagerUI.Editor.csproj", "{6877705C-FBD9-0C4F-5AFB-6FB431E5D39D}"
EndProject
Project("{FAE04EC0-301F-11D3-BF4B-00C04F79EFBC}") = "VRExperience1.Editor", "VRExperience1.Editor.csproj", "{976ECE8D-F020-1E16-8D45-17F2C50FF262}"
EndProject
Project("{FAE04EC0-301F-11D3-BF4B-00C04F79EFBC}") = "UnityEditor.StandardEvents", "UnityEditor.StandardEvents.csproj", "{6800202F-4402-D405-F8CB-03DC7BD78B92}"
EndProject
Global
	GlobalSection(SolutionConfigurationPlatforms) = preSolution
		Debug|Any CPU = Debug|Any CPU
		Release|Any CPU = Release|Any CPU
	EndGlobalSection
	GlobalSection(ProjectConfigurationPlatforms) = postSolution
		{83625734-B816-49F5-F8F6-A428C364B591}.Debug|Any CPU.ActiveCfg = Debug|Any CPU
		{83625734-B816-49F5-F8F6-A428C364B591}.Debug|Any CPU.Build.0 = Debug|Any CPU
		{83625734-B816-49F5-F8F6-A428C364B591}.Release|Any CPU.ActiveCfg = Release|Any CPU
		{83625734-B816-49F5-F8F6-A428C364B591}.Release|Any CPU.Build.0 = Release|Any CPU
		{5771D13D-2786-4127-C575-24AC99F11338}.Debug|Any CPU.ActiveCfg = Debug|Any CPU
		{5771D13D-2786-4127-C575-24AC99F11338}.Debug|Any CPU.Build.0 = Debug|Any CPU
		{5771D13D-2786-4127-C575-24AC99F11338}.Release|Any CPU.ActiveCfg = Release|Any CPU
		{5771D13D-2786-4127-C575-24AC99F11338}.Release|Any CPU.Build.0 = Release|Any CPU
		{AA941376-C4CC-FF0C-FD3B-A91C6AA6EE26}.Debug|Any CPU.ActiveCfg = Debug|Any CPU
		{AA941376-C4CC-FF0C-FD3B-A91C6AA6EE26}.Debug|Any CPU.Build.0 = Debug|Any CPU
		{AA941376-C4CC-FF0C-FD3B-A91C6AA6EE26}.Release|Any CPU.ActiveCfg = Release|Any CPU
		{AA941376-C4CC-FF0C-FD3B-A91C6AA6EE26}.Release|Any CPU.Build.0 = Release|Any CPU
		{6877705C-FBD9-0C4F-5AFB-6FB431E5D39D}.Debug|Any CPU.ActiveCfg = Debug|Any CPU
		{6877705C-FBD9-0C4F-5AFB-6FB431E5D39D}.Debug|Any CPU.Build.0 = Debug|Any CPU
		{6877705C-FBD9-0C4F-5AFB-6FB431E5D39D}.Release|Any CPU.ActiveCfg = Release|Any CPU
		{6877705C-FBD9-0C4F-5AFB-6FB431E5D39D}.Release|Any CPU.Build.0 = Release|Any CPU
		{976ECE8D-F020-1E16-8D45-17F2C50FF262}.Debug|Any CPU.ActiveCfg = Debug|Any CPU
		{976ECE8D-F020-1E16-8D45-17F2C50FF262}.Debug|Any CPU.Build.0 = Debug|Any CPU
		{976ECE8D-F020-1E16-8D45-17F2C50FF262}.Release|Any CPU.ActiveCfg = Release|Any CPU
		{976ECE8D-F020-1E16-8D45-17F2C50FF262}.Release|Any CPU.Build.0 = Release|Any CPU
		{6800202F-4402-D405-F8CB-03DC7BD78B92}.Debug|Any CPU.ActiveCfg = Debug|Any CPU
		{6800202F-4402-D405-F8CB-03DC7BD78B92}.Debug|Any CPU.Build.0 = Debug|Any CPU
		{6800202F-4402-D405-F8CB-03DC7BD78B92}.Release|Any CPU.ActiveCfg = Release|Any CPU
		{6800202F-4402-D405-F8CB-03DC7BD78B92}.Release|Any CPU.Build.0 = Release|Any CPU
	EndGlobalSection
	GlobalSection(SolutionProperties) = preSolution
		HideSolutionNode = FALSE
	EndGlobalSection
EndGlobal
