
Microsoft Visual Studio Solution File, Format Version 12.00
# Visual Studio 2017
Project("{FAE04EC0-301F-11D3-BF4B-00C04F79EFBC}") = "VRExperience", "VRExperience.csproj", "{B701C7A9-66DC-FEC8-3A4C-C33052D05CA8}"
EndProject
Project("{FAE04EC0-301F-11D3-BF4B-00C04F79EFBC}") = "VRExperience.Editor", "VRExperience.Editor.csproj", "{B2C3585B-37C1-46F9-D95F-50DAC434C7F7}"
EndProject
Project("{FAE04EC0-301F-11D3-BF4B-00C04F79EFBC}") = "VRExperience.Editor", "VRExperience.Editor.csproj", "{B2C3585B-37C1-46F9-D95F-50DAC434C7F7}"
EndProject
Project("{FAE04EC0-301F-11D3-BF4B-00C04F79EFBC}") = "VRExperience.Editor", "VRExperience.Editor.csproj", "{B2C3585B-37C1-46F9-D95F-50DAC434C7F7}"
EndProject
Global
	GlobalSection(SolutionConfigurationPlatforms) = preSolution
		Debug|Any CPU = Debug|Any CPU
		Release|Any CPU = Release|Any CPU
	EndGlobalSection
	GlobalSection(ProjectConfigurationPlatforms) = postSolution
		{B701C7A9-66DC-FEC8-3A4C-C33052D05CA8}.Debug|Any CPU.ActiveCfg = Debug|Any CPU
		{B701C7A9-66DC-FEC8-3A4C-C33052D05CA8}.Debug|Any CPU.Build.0 = Debug|Any CPU
		{B701C7A9-66DC-FEC8-3A4C-C33052D05CA8}.Release|Any CPU.ActiveCfg = Release|Any CPU
		{B701C7A9-66DC-FEC8-3A4C-C33052D05CA8}.Release|Any CPU.Build.0 = Release|Any CPU
		{B2C3585B-37C1-46F9-D95F-50DAC434C7F7}.Debug|Any CPU.ActiveCfg = Debug|Any CPU
		{B2C3585B-37C1-46F9-D95F-50DAC434C7F7}.Debug|Any CPU.Build.0 = Debug|Any CPU
		{B2C3585B-37C1-46F9-D95F-50DAC434C7F7}.Release|Any CPU.ActiveCfg = Release|Any CPU
		{B2C3585B-37C1-46F9-D95F-50DAC434C7F7}.Release|Any CPU.Build.0 = Release|Any CPU
		{B2C3585B-37C1-46F9-D95F-50DAC434C7F7}.Debug|Any CPU.ActiveCfg = Debug|Any CPU
		{B2C3585B-37C1-46F9-D95F-50DAC434C7F7}.Debug|Any CPU.Build.0 = Debug|Any CPU
		{B2C3585B-37C1-46F9-D95F-50DAC434C7F7}.Release|Any CPU.ActiveCfg = Release|Any CPU
		{B2C3585B-37C1-46F9-D95F-50DAC434C7F7}.Release|Any CPU.Build.0 = Release|Any CPU
		{B2C3585B-37C1-46F9-D95F-50DAC434C7F7}.Debug|Any CPU.ActiveCfg = Debug|Any CPU
		{B2C3585B-37C1-46F9-D95F-50DAC434C7F7}.Debug|Any CPU.Build.0 = Debug|Any CPU
		{B2C3585B-37C1-46F9-D95F-50DAC434C7F7}.Release|Any CPU.ActiveCfg = Release|Any CPU
		{B2C3585B-37C1-46F9-D95F-50DAC434C7F7}.Release|Any CPU.Build.0 = Release|Any CPU
	EndGlobalSection
	GlobalSection(SolutionProperties) = preSolution
		HideSolutionNode = FALSE
	EndGlobalSection
EndGlobal
